
Microsoft Visual Studio Solution File, Format Version 12.00
# Visual Studio 2015
Project("{FAE04EC0-301F-11D3-BF4B-00C04F79EFBC}") = "CA2.CSharp", "CA2.CSharp.csproj", "{31058CDB-718F-51A6-82FE-0E98AB00783E}"
EndProject
Global
	GlobalSection(SolutionConfigurationPlatforms) = preSolution
		Debug|Any CPU = Debug|Any CPU
		Release|Any CPU = Release|Any CPU
	EndGlobalSection
	GlobalSection(ProjectConfigurationPlatforms) = postSolution
		{31058CDB-718F-51A6-82FE-0E98AB00783E}.Debug|Any CPU.ActiveCfg = Debug|Any CPU
		{31058CDB-718F-51A6-82FE-0E98AB00783E}.Debug|Any CPU.Build.0 = Debug|Any CPU
		{31058CDB-718F-51A6-82FE-0E98AB00783E}.Release|Any CPU.ActiveCfg = Release|Any CPU
		{31058CDB-718F-51A6-82FE-0E98AB00783E}.Release|Any CPU.Build.0 = Release|Any CPU
	EndGlobalSection
	GlobalSection(SolutionProperties) = preSolution
		HideSolutionNode = FALSE
	EndGlobalSection
EndGlobal
